
Microsoft Visual Studio Solution File, Format Version 12.00
# Visual Studio 15
VisualStudioVersion = 15.0.28307.902
MinimumVisualStudioVersion = 10.0.40219.1
Project("{FAE04EC0-301F-11D3-BF4B-00C04F79EFBC}") = "PruebaArs", "PruebaArs\PruebaArs.csproj", "{A20F1B1F-DDDF-4701-ACE6-D3910EA81CC0}"
EndProject
Global
	GlobalSection(SolutionConfigurationPlatforms) = preSolution
		Debug|Any CPU = Debug|Any CPU
		Release|Any CPU = Release|Any CPU
	EndGlobalSection
	GlobalSection(ProjectConfigurationPlatforms) = postSolution
		{A20F1B1F-DDDF-4701-ACE6-D3910EA81CC0}.Debug|Any CPU.ActiveCfg = Debug|Any CPU
		{A20F1B1F-DDDF-4701-ACE6-D3910EA81CC0}.Debug|Any CPU.Build.0 = Debug|Any CPU
		{A20F1B1F-DDDF-4701-ACE6-D3910EA81CC0}.Release|Any CPU.ActiveCfg = Release|Any CPU
		{A20F1B1F-DDDF-4701-ACE6-D3910EA81CC0}.Release|Any CPU.Build.0 = Release|Any CPU
	EndGlobalSection
	GlobalSection(SolutionProperties) = preSolution
		HideSolutionNode = FALSE
	EndGlobalSection
	GlobalSection(ExtensibilityGlobals) = postSolution
		SolutionGuid = {CCA0E2A8-3311-402E-9203-1155DEBB2EC1}
	EndGlobalSection
EndGlobal
